{
  "name": "cli-usage",
  "version": "0.0.0",
  "lockfileVersion": 3,
  "requires": true,
  "packages": {
    "": {
      "name": "cli-usage",
      "version": "0.0.0",
      "devDependencies": {
        "@imoocli/cli": "file:../../core/cli"
      }
    },
    "../../core/cli": {
      "version": "0.0.9",
      "dev": true,
      "dependencies": {
        "import-local": "^3.1.0",
        "npmlog": "^7.0.1"
      },
      "bin": {
        "imoocli": "bin/index.js"
      }
    },
    "node_modules/@imoocli/cli": {
      "resolved": "../../core/cli",
      "link": true
    }
  }
}
